
Microsoft Visual Studio Solution File, Format Version 12.00
# Visual Studio Version 17
VisualStudioVersion = 17.2.32630.192
MinimumVisualStudioVersion = 10.0.40219.1
Project("{FAE04EC0-301F-11D3-BF4B-00C04F79EFBC}") = "Bytewizer.TinyCLR.DigitalPortal", "Bytewizer.DigitalPortal\Bytewizer.TinyCLR.DigitalPortal.csproj", "{9CE112B6-B7CE-4FD5-85FB-47150BBDDE02}"
EndProject
Project("{FAE04EC0-301F-11D3-BF4B-00C04F79EFBC}") = "Bytewizer.TinyCLR.DigitialPortal.Assets", "Bytewizer.DigitialPortal.Assets\Bytewizer.TinyCLR.DigitialPortal.Assets.csproj", "{DF143154-5AF1-4018-B64A-82D443DC2B61}"
EndProject
Global
	GlobalSection(SolutionConfigurationPlatforms) = preSolution
		Debug|Any CPU = Debug|Any CPU
		Release|Any CPU = Release|Any CPU
	EndGlobalSection
	GlobalSection(ProjectConfigurationPlatforms) = postSolution
		{9CE112B6-B7CE-4FD5-85FB-47150BBDDE02}.Debug|Any CPU.ActiveCfg = Debug|Any CPU
		{9CE112B6-B7CE-4FD5-85FB-47150BBDDE02}.Debug|Any CPU.Build.0 = Debug|Any CPU
		{9CE112B6-B7CE-4FD5-85FB-47150BBDDE02}.Debug|Any CPU.Deploy.0 = Debug|Any CPU
		{9CE112B6-B7CE-4FD5-85FB-47150BBDDE02}.Release|Any CPU.ActiveCfg = Release|Any CPU
		{9CE112B6-B7CE-4FD5-85FB-47150BBDDE02}.Release|Any CPU.Build.0 = Release|Any CPU
		{9CE112B6-B7CE-4FD5-85FB-47150BBDDE02}.Release|Any CPU.Deploy.0 = Release|Any CPU
		{DF143154-5AF1-4018-B64A-82D443DC2B61}.Debug|Any CPU.ActiveCfg = Debug|Any CPU
		{DF143154-5AF1-4018-B64A-82D443DC2B61}.Debug|Any CPU.Build.0 = Debug|Any CPU
		{DF143154-5AF1-4018-B64A-82D443DC2B61}.Release|Any CPU.ActiveCfg = Release|Any CPU
		{DF143154-5AF1-4018-B64A-82D443DC2B61}.Release|Any CPU.Build.0 = Release|Any CPU
	EndGlobalSection
	GlobalSection(SolutionProperties) = preSolution
		HideSolutionNode = FALSE
	EndGlobalSection
	GlobalSection(ExtensibilityGlobals) = postSolution
		SolutionGuid = {2BA86F0D-54BC-4CEE-AF1C-0B718A6020AE}
	EndGlobalSection
EndGlobal
